
Microsoft Visual Studio Solution File, Format Version 12.00
# Visual Studio 15
VisualStudioVersion = 15.0.27703.2026
MinimumVisualStudioVersion = 10.0.40219.1
Project("{FAE04EC0-301F-11D3-BF4B-00C04F79EFBC}") = "GD_EE_ASS_MODESTAS_CEPULIS", "GD_EE_ASS_MODESTAS_CEPULIS\GD_EE_ASS_MODESTAS_CEPULIS.csproj", "{38160B2B-B2AD-4E9A-862C-B568BF968721}"
EndProject
Global
	GlobalSection(SolutionConfigurationPlatforms) = preSolution
		Debug|Any CPU = Debug|Any CPU
		Release|Any CPU = Release|Any CPU
	EndGlobalSection
	GlobalSection(ProjectConfigurationPlatforms) = postSolution
		{38160B2B-B2AD-4E9A-862C-B568BF968721}.Debug|Any CPU.ActiveCfg = Debug|Any CPU
		{38160B2B-B2AD-4E9A-862C-B568BF968721}.Debug|Any CPU.Build.0 = Debug|Any CPU
		{38160B2B-B2AD-4E9A-862C-B568BF968721}.Release|Any CPU.ActiveCfg = Release|Any CPU
		{38160B2B-B2AD-4E9A-862C-B568BF968721}.Release|Any CPU.Build.0 = Release|Any CPU
	EndGlobalSection
	GlobalSection(SolutionProperties) = preSolution
		HideSolutionNode = FALSE
	EndGlobalSection
	GlobalSection(ExtensibilityGlobals) = postSolution
		SolutionGuid = {289C7960-DC93-46C9-9A82-EE09F2A599F9}
	EndGlobalSection
EndGlobal
